<Solution>
  <Folder Name="/src/">
    <Project Path="src/SwiftBets.Cashout.Api/SwiftBets.Cashout.Api.csproj" />
    <Project Path="src/SwiftBets.Cashout.Application/SwiftBets.Cashout.Application.csproj" />
    <Project Path="src/SwiftBets.Cashout.Domain/SwiftBets.Cashout.Domain.csproj" />
    <Project Path="src/SwiftBets.Cashout.Infrastructure/SwiftBets.Cashout.Infrastructure.csproj" />
  </Folder>
  <Folder Name="/tests/">
    <Project Path="tests/SwiftBets.Cashout.Application.Tests/SwiftBets.Cashout.Application.Tests.csproj" />
    <Project Path="tests/SwiftBets.Cashout.ArchitectureTests/SwiftBets.Cashout.ArchitectureTests.csproj" />
    <Project Path="tests/SwiftBets.Cashout.Domain.Tests/SwiftBets.Cashout.Domain.Tests.csproj" />
  </Folder>
</Solution>
